
Microsoft Visual Studio Solution File, Format Version 12.00
# Visual Studio 14
VisualStudioVersion = 14.0.25123.0
MinimumVisualStudioVersion = 10.0.40219.1
Project("{FAE04EC0-301F-11D3-BF4B-00C04F79EFBC}") = "Interfaces", "Interfaces\Interfaces.csproj", "{44E50367-4B67-4439-BA5D-FA1E8D10B3C9}"
EndProject
Project("{FAE04EC0-301F-11D3-BF4B-00C04F79EFBC}") = "InMemoryDataBase", "InMemoryDataBase\InMemoryDataBase.csproj", "{217BD1FE-1574-4AD2-9EC3-DDD2271DA7CC}"
EndProject
Project("{FAE04EC0-301F-11D3-BF4B-00C04F79EFBC}") = "Factory", "Factory\Factory.csproj", "{4027EB2F-A3D3-48C4-A2AC-C19171D738C0}"
EndProject
Project("{FAE04EC0-301F-11D3-BF4B-00C04F79EFBC}") = "BusinessLogic", "BusinessLogic\BusinessLogic.csproj", "{4F12B23A-D37F-4A36-A7F6-D33BDAA8F821}"
EndProject
Project("{FAE04EC0-301F-11D3-BF4B-00C04F79EFBC}") = "API", "API\API.csproj", "{1B3E4F8C-E9C2-4EE7-9905-F285A380CD51}"
EndProject
Project("{FAE04EC0-301F-11D3-BF4B-00C04F79EFBC}") = "Entities", "Entities\Entities.csproj", "{A705C5CB-968B-46C5-AE1B-2CB0FFB0E5B8}"
EndProject
Project("{FAE04EC0-301F-11D3-BF4B-00C04F79EFBC}") = "FileLogger", "Logger\FileLogger.csproj", "{8B54E2E6-AF71-4FA6-A9C9-4459541BA6C3}"
EndProject
Project("{FAE04EC0-301F-11D3-BF4B-00C04F79EFBC}") = "UnitTest.API", "UnitTest.API\UnitTest.API.csproj", "{660FBFD0-1840-4D1D-A641-E9720CAF0084}"
EndProject
Global
	GlobalSection(SolutionConfigurationPlatforms) = preSolution
		Debug|Any CPU = Debug|Any CPU
		Release|Any CPU = Release|Any CPU
	EndGlobalSection
	GlobalSection(ProjectConfigurationPlatforms) = postSolution
		{44E50367-4B67-4439-BA5D-FA1E8D10B3C9}.Debug|Any CPU.ActiveCfg = Debug|Any CPU
		{44E50367-4B67-4439-BA5D-FA1E8D10B3C9}.Debug|Any CPU.Build.0 = Debug|Any CPU
		{44E50367-4B67-4439-BA5D-FA1E8D10B3C9}.Release|Any CPU.ActiveCfg = Release|Any CPU
		{44E50367-4B67-4439-BA5D-FA1E8D10B3C9}.Release|Any CPU.Build.0 = Release|Any CPU
		{217BD1FE-1574-4AD2-9EC3-DDD2271DA7CC}.Debug|Any CPU.ActiveCfg = Debug|Any CPU
		{217BD1FE-1574-4AD2-9EC3-DDD2271DA7CC}.Debug|Any CPU.Build.0 = Debug|Any CPU
		{217BD1FE-1574-4AD2-9EC3-DDD2271DA7CC}.Release|Any CPU.ActiveCfg = Release|Any CPU
		{217BD1FE-1574-4AD2-9EC3-DDD2271DA7CC}.Release|Any CPU.Build.0 = Release|Any CPU
		{4027EB2F-A3D3-48C4-A2AC-C19171D738C0}.Debug|Any CPU.ActiveCfg = Debug|Any CPU
		{4027EB2F-A3D3-48C4-A2AC-C19171D738C0}.Debug|Any CPU.Build.0 = Debug|Any CPU
		{4027EB2F-A3D3-48C4-A2AC-C19171D738C0}.Release|Any CPU.ActiveCfg = Release|Any CPU
		{4027EB2F-A3D3-48C4-A2AC-C19171D738C0}.Release|Any CPU.Build.0 = Release|Any CPU
		{4F12B23A-D37F-4A36-A7F6-D33BDAA8F821}.Debug|Any CPU.ActiveCfg = Debug|Any CPU
		{4F12B23A-D37F-4A36-A7F6-D33BDAA8F821}.Debug|Any CPU.Build.0 = Debug|Any CPU
		{4F12B23A-D37F-4A36-A7F6-D33BDAA8F821}.Release|Any CPU.ActiveCfg = Release|Any CPU
		{4F12B23A-D37F-4A36-A7F6-D33BDAA8F821}.Release|Any CPU.Build.0 = Release|Any CPU
		{1B3E4F8C-E9C2-4EE7-9905-F285A380CD51}.Debug|Any CPU.ActiveCfg = Debug|Any CPU
		{1B3E4F8C-E9C2-4EE7-9905-F285A380CD51}.Debug|Any CPU.Build.0 = Debug|Any CPU
		{1B3E4F8C-E9C2-4EE7-9905-F285A380CD51}.Release|Any CPU.ActiveCfg = Release|Any CPU
		{1B3E4F8C-E9C2-4EE7-9905-F285A380CD51}.Release|Any CPU.Build.0 = Release|Any CPU
		{A705C5CB-968B-46C5-AE1B-2CB0FFB0E5B8}.Debug|Any CPU.ActiveCfg = Debug|Any CPU
		{A705C5CB-968B-46C5-AE1B-2CB0FFB0E5B8}.Debug|Any CPU.Build.0 = Debug|Any CPU
		{A705C5CB-968B-46C5-AE1B-2CB0FFB0E5B8}.Release|Any CPU.ActiveCfg = Release|Any CPU
		{A705C5CB-968B-46C5-AE1B-2CB0FFB0E5B8}.Release|Any CPU.Build.0 = Release|Any CPU
		{8B54E2E6-AF71-4FA6-A9C9-4459541BA6C3}.Debug|Any CPU.ActiveCfg = Debug|Any CPU
		{8B54E2E6-AF71-4FA6-A9C9-4459541BA6C3}.Debug|Any CPU.Build.0 = Debug|Any CPU
		{8B54E2E6-AF71-4FA6-A9C9-4459541BA6C3}.Release|Any CPU.ActiveCfg = Release|Any CPU
		{8B54E2E6-AF71-4FA6-A9C9-4459541BA6C3}.Release|Any CPU.Build.0 = Release|Any CPU
		{660FBFD0-1840-4D1D-A641-E9720CAF0084}.Debug|Any CPU.ActiveCfg = Debug|Any CPU
		{660FBFD0-1840-4D1D-A641-E9720CAF0084}.Debug|Any CPU.Build.0 = Debug|Any CPU
		{660FBFD0-1840-4D1D-A641-E9720CAF0084}.Release|Any CPU.ActiveCfg = Release|Any CPU
		{660FBFD0-1840-4D1D-A641-E9720CAF0084}.Release|Any CPU.Build.0 = Release|Any CPU
	EndGlobalSection
	GlobalSection(SolutionProperties) = preSolution
		HideSolutionNode = FALSE
	EndGlobalSection
EndGlobal
